
Microsoft Visual Studio Solution File, Format Version 12.00
# Visual Studio Version 17
VisualStudioVersion = 17.9.34616.47
MinimumVisualStudioVersion = 10.0.40219.1
Project("{FAE04EC0-301F-11D3-BF4B-00C04F79EFBC}") = "Eval_Gabriel.K_Guillaume.L", "Eval_Gabriel.K_Guillaume.L\Eval_Gabriel.K_Guillaume.L.csproj", "{B62A4335-C8C0-4687-9627-7CEBE1D4882E}"
EndProject
Project("{FAE04EC0-301F-11D3-BF4B-00C04F79EFBC}") = "Eval_Gabriel.K_Guillaume.L.Test", "Eval_Gabriel.K_Guillaume.L.Test\Eval_Gabriel.K_Guillaume.L.Test.csproj", "{2B414478-56FD-47BD-A27F-F7C9EA6435FA}"
EndProject
Global
	GlobalSection(SolutionConfigurationPlatforms) = preSolution
		Debug|Any CPU = Debug|Any CPU
		Release|Any CPU = Release|Any CPU
	EndGlobalSection
	GlobalSection(ProjectConfigurationPlatforms) = postSolution
		{B62A4335-C8C0-4687-9627-7CEBE1D4882E}.Debug|Any CPU.ActiveCfg = Debug|Any CPU
		{B62A4335-C8C0-4687-9627-7CEBE1D4882E}.Debug|Any CPU.Build.0 = Debug|Any CPU
		{B62A4335-C8C0-4687-9627-7CEBE1D4882E}.Release|Any CPU.ActiveCfg = Release|Any CPU
		{B62A4335-C8C0-4687-9627-7CEBE1D4882E}.Release|Any CPU.Build.0 = Release|Any CPU
		{2B414478-56FD-47BD-A27F-F7C9EA6435FA}.Debug|Any CPU.ActiveCfg = Debug|Any CPU
		{2B414478-56FD-47BD-A27F-F7C9EA6435FA}.Debug|Any CPU.Build.0 = Debug|Any CPU
		{2B414478-56FD-47BD-A27F-F7C9EA6435FA}.Release|Any CPU.ActiveCfg = Release|Any CPU
		{2B414478-56FD-47BD-A27F-F7C9EA6435FA}.Release|Any CPU.Build.0 = Release|Any CPU
	EndGlobalSection
	GlobalSection(SolutionProperties) = preSolution
		HideSolutionNode = FALSE
	EndGlobalSection
	GlobalSection(ExtensibilityGlobals) = postSolution
		SolutionGuid = {18C905F8-CEEB-45DE-AEF1-B008AAC69993}
	EndGlobalSection
EndGlobal
